{
  "version": 4,
  "terraform_version": "1.9.8",
  "serial": 7,
  "lineage": "7b97fa93-3e7c-c23e-75b9-cb5759568769",
  "outputs": {},
  "resources": [
    {
      "mode": "managed",
      "type": "google_container_cluster",
      "name": "primary",
      "provider": "provider[\"registry.terraform.io/hashicorp/google\"]",
      "instances": [
        {
          "schema_version": 2,
          "attributes": {
            "addons_config": [
              {
                "cloudrun_config": [],
                "config_connector_config": [],
                "dns_cache_config": [],
                "gce_persistent_disk_csi_driver_config": [
                  {
                    "enabled": true
                  }
                ],
                "gcp_filestore_csi_driver_config": [],
                "gcs_fuse_csi_driver_config": [],
                "gke_backup_agent_config": [],
                "horizontal_pod_autoscaling": [],
                "http_load_balancing": [],
                "network_policy_config": [
                  {
                    "disabled": true
                  }
                ],
                "ray_operator_config": [],
                "stateful_ha_config": []
              }
            ],
            "allow_net_admin": null,
            "authenticator_groups_config": [],
            "binary_authorization": [
              {
                "enabled": false,
                "evaluation_mode": ""
              }
            ],
            "cluster_autoscaling": [
              {
                "auto_provisioning_defaults": [],
                "auto_provisioning_locations": [],
                "autoscaling_profile": "BALANCED",
                "enabled": false,
                "resource_limits": []
              }
            ],
            "cluster_ipv4_cidr": "10.56.0.0/14",
            "confidential_nodes": [],
            "cost_management_config": [],
            "database_encryption": [
              {
                "key_name": "",
                "state": "DECRYPTED"
              }
            ],
            "datapath_provider": "",
            "default_max_pods_per_node": 110,
            "default_snat_status": [
              {
                "disabled": false
              }
            ],
            "deletion_protection": true,
            "description": "",
            "dns_config": [],
            "effective_labels": {
              "goog-terraform-provisioned": "true"
            },
            "enable_autopilot": false,
            "enable_cilium_clusterwide_network_policy": false,
            "enable_intranode_visibility": false,
            "enable_k8s_beta_apis": [],
            "enable_kubernetes_alpha": false,
            "enable_l4_ilb_subsetting": false,
            "enable_legacy_abac": false,
            "enable_multi_networking": false,
            "enable_shielded_nodes": true,
            "enable_tpu": false,
            "endpoint": "34.42.24.118",
            "fleet": [],
            "gateway_api_config": [],
            "id": "projects/dev-guild-439910-e9/locations/us-central1/clusters/crypto-insights-cluster",
            "identity_service_config": [],
            "initial_node_count": 1,
            "ip_allocation_policy": [
              {
                "additional_pod_ranges_config": [],
                "cluster_ipv4_cidr_block": "10.56.0.0/14",
                "cluster_secondary_range_name": "gke-crypto-insights-cluster-pods-ee8b12a6",
                "pod_cidr_overprovision_config": [
                  {
                    "disabled": false
                  }
                ],
                "services_ipv4_cidr_block": "34.118.224.0/20",
                "services_secondary_range_name": "",
                "stack_type": "IPV4"
              }
            ],
            "label_fingerprint": "78cdf2f6",
            "location": "us-central1",
            "logging_config": [
              {
                "enable_components": [
                  "SYSTEM_COMPONENTS",
                  "WORKLOADS"
                ]
              }
            ],
            "logging_service": "logging.googleapis.com/kubernetes",
            "maintenance_policy": [],
            "master_auth": [
              {
                "client_certificate": "",
                "client_certificate_config": [
                  {
                    "issue_client_certificate": false
                  }
                ],
                "client_key": "",
                "cluster_ca_certificate": "LS0tLS1CRUdJTiBDRVJUSUZJQ0FURS0tLS0tCk1JSUVMRENDQXBTZ0F3SUJBZ0lRS0E4WkpyN1ZlNFpYUVlFQUdpNVBaVEFOQmdrcWhraUc5dzBCQVFzRkFEQXYKTVMwd0t3WURWUVFERXlRMlpqUTNOekpsT1Mwd09HRTJMVFJqTVRBdE9URTRaaTFtTnpabVlqazJNR1l3WXpjdwpJQmNOTWpReE1USXdNVE0xTlRBMVdoZ1BNakExTkRFeE1UTXhORFUxTURWYU1DOHhMVEFyQmdOVkJBTVRKRFptCk5EYzNNbVU1TFRBNFlUWXROR014TUMwNU1UaG1MV1kzTm1aaU9UWXdaakJqTnpDQ0FhSXdEUVlKS29aSWh2Y04KQVFFQkJRQURnZ0dQQURDQ0FZb0NnZ0dCQUxzMU1hTkFvYk0zanUvUEVUWVk5TjZpWDZFUHZGN2NlVjNLcHgzTQpFUUF6b3NlV04vUDFERFNtNHpTdCt5ejFMbW5SbjdUSjUzVXpzeWNnbkl1c0VHSm9ycjk0MmZOSjJhMEt0eTBiCjUxVDAzNnZ3VTVUYURjUHdockorT1pzaHRKOEhuUmtTYjBKdHBmSERJV3lXblowNEQrd1QzUWp3RzhYM25QQzYKY3pjVEhKaVEzbDByam0vcDRQWVR1VVh5c25MbWlZQkNSdE5FcFRSQXEzRzlDL0d4d3pNSWRZR1Q4Wm1FSDN5bQpsLzZJN09Ld3doeDB5VEx1YWtHTTJSZXNrZUUzM0UzcXZHclNqR3I5YW91T0llM2x0OFNEVVlRVWpGWENWa2VUCmprQXQzRjdXT2pJUFB5aXdVOUkrMlNsSlNFZUxHSEJ3cDhzS2s3MURNTDFGVWJLaG9heXRKWWJNN0ZNR0gyQVIKYnJOQ3U0WWJ5bmdneDc5REVpUm56U0tydGpnRG91Ky9sMitYK2VaN0grTkp1WWdJUHZFS055VU9UdlhsUzJhUwpJSk5lTm9JeFhzY2RuY1VCWE1yOUtpeStWcGZoc08xc0s0aGhtdy9ySTlMeGJrU0dTWnkvS3M4VmhEd2xUaXllCnVBKzc3T1htRkFza1ZIUXZtMkxKNEdkQjR3SURBUUFCbzBJd1FEQU9CZ05WSFE4QkFmOEVCQU1DQWdRd0R3WUQKVlIwVEFRSC9CQVV3QXdFQi96QWRCZ05WSFE0RUZnUVVFMEVEQzQ3UjZzRFR0eGkrek5ta3BETU05ODh3RFFZSgpLb1pJaHZjTkFRRUxCUUFEZ2dHQkFMamFlYkZLRWEzbDhMdnZUMGNWRGlPSnFCdTN6bHFlRG9xbGt3bGZXK1ZGCjlFOEdDbm80U1NzdXYwbUhuRjM5NDcwcTdVSjM5NTZIdEQ3TFVGc2l4MWNCNlJRdFRDUWhQMHJNN0VVOFU5MXAKWklRUXQ2Tjl5OTM2SUtUS2wxbEwyYXJDMm5sSkhXQWY3WFJKZkhnK3F4S1lhKzlySk9QNnBjc3ZucUZ5QVlwZQpJYXR3QldXUkxzUjRzVzE1dzV0VUxhT200YXYzYUV4OFMyR0VIdGtkRmVtVTNoaFg1bTNVZTdLM3RUR3IwQVFaCi9DZzNuM3JxZ0RhQzNDUEsxRnZvQVpyVlFFaG9GZndXblJsZm0zMW9sb3FZQVpBQTNoam9aaklvWDUyMXhZaHMKbVU3QXdwWHdrNjVnaU9YMUFLWlpzNHpoVXQ1TkVpcmxGSlNnNGJsZ0FibnBSaVRvWU5BUkYzN2VTbVd2Yk1BUwpLQWI5T1QrTmU5aTgrZ01mVjhkK3Y0NmhNMlJ4VThPUEx6RG4zU0xFZ1RNNndORDNmQWxKZ2JyMFJGSDA0VHBuCmM0OWVPOHM1djhvUGNjQWUvSVh3UXBJd3lQQWZVNHZyYU0yS3lJeitDcklCalJXWkFnWXR0Vk45K2UxSTlmWFUKanM5UDM5TkNoaldtcW8wMmxGRmxoZz09Ci0tLS0tRU5EIENFUlRJRklDQVRFLS0tLS0K"
              }
            ],
            "master_authorized_networks_config": [],
            "master_version": "1.30.5-gke.1443001",
            "mesh_certificates": [],
            "min_master_version": null,
            "monitoring_config": [
              {
                "advanced_datapath_observability_config": [
                  {
                    "enable_metrics": false,
                    "enable_relay": false
                  }
                ],
                "enable_components": [
                  "SYSTEM_COMPONENTS",
                  "DAEMONSET",
                  "DEPLOYMENT",
                  "STATEFULSET",
                  "STORAGE",
                  "HPA",
                  "POD",
                  "CADVISOR",
                  "KUBELET"
                ],
                "managed_prometheus": [
                  {
                    "enabled": true
                  }
                ]
              }
            ],
            "monitoring_service": "monitoring.googleapis.com/kubernetes",
            "name": "crypto-insights-cluster",
            "network": "projects/dev-guild-439910-e9/global/networks/default",
            "network_policy": [
              {
                "enabled": false,
                "provider": "PROVIDER_UNSPECIFIED"
              }
            ],
            "networking_mode": "VPC_NATIVE",
            "node_config": [
              {
                "advanced_machine_features": [],
                "boot_disk_kms_key": "",
                "confidential_nodes": [],
                "containerd_config": [],
                "disk_size_gb": 100,
                "disk_type": "pd-balanced",
                "effective_taints": [],
                "enable_confidential_storage": false,
                "ephemeral_storage_local_ssd_config": [],
                "fast_socket": [],
                "gcfs_config": [],
                "guest_accelerator": [],
                "gvnic": [],
                "host_maintenance_policy": [],
                "image_type": "COS_CONTAINERD",
                "kubelet_config": [],
                "labels": {},
                "linux_node_config": [],
                "local_nvme_ssd_block_config": [],
                "local_ssd_count": 0,
                "logging_variant": "DEFAULT",
                "machine_type": "e2-medium",
                "metadata": {
                  "disable-legacy-endpoints": "true"
                },
                "min_cpu_platform": "",
                "node_group": "",
                "oauth_scopes": [
                  "https://www.googleapis.com/auth/devstorage.read_only",
                  "https://www.googleapis.com/auth/logging.write",
                  "https://www.googleapis.com/auth/monitoring",
                  "https://www.googleapis.com/auth/service.management.readonly",
                  "https://www.googleapis.com/auth/servicecontrol",
                  "https://www.googleapis.com/auth/trace.append"
                ],
                "preemptible": false,
                "reservation_affinity": [],
                "resource_labels": {},
                "resource_manager_tags": {},
                "secondary_boot_disks": [],
                "service_account": "default",
                "shielded_instance_config": [
                  {
                    "enable_integrity_monitoring": true,
                    "enable_secure_boot": false
                  }
                ],
                "sole_tenant_config": [],
                "spot": false,
                "storage_pools": [],
                "tags": [],
                "taint": [],
                "workload_metadata_config": []
              }
            ],
            "node_locations": [
              "us-central1-b",
              "us-central1-c",
              "us-central1-f"
            ],
            "node_pool": [
              {
                "autoscaling": [],
                "initial_node_count": 1,
                "instance_group_urls": [
                  "https://www.googleapis.com/compute/v1/projects/dev-guild-439910-e9/zones/us-central1-c/instanceGroupManagers/gke-crypto-insights-clus-default-pool-9873d7ba-grp",
                  "https://www.googleapis.com/compute/v1/projects/dev-guild-439910-e9/zones/us-central1-f/instanceGroupManagers/gke-crypto-insights-clus-default-pool-06d81649-grp",
                  "https://www.googleapis.com/compute/v1/projects/dev-guild-439910-e9/zones/us-central1-b/instanceGroupManagers/gke-crypto-insights-clus-default-pool-b717c194-grp"
                ],
                "managed_instance_group_urls": [
                  "https://www.googleapis.com/compute/v1/projects/dev-guild-439910-e9/zones/us-central1-c/instanceGroups/gke-crypto-insights-clus-default-pool-9873d7ba-grp",
                  "https://www.googleapis.com/compute/v1/projects/dev-guild-439910-e9/zones/us-central1-f/instanceGroups/gke-crypto-insights-clus-default-pool-06d81649-grp",
                  "https://www.googleapis.com/compute/v1/projects/dev-guild-439910-e9/zones/us-central1-b/instanceGroups/gke-crypto-insights-clus-default-pool-b717c194-grp"
                ],
                "management": [
                  {
                    "auto_repair": true,
                    "auto_upgrade": true
                  }
                ],
                "max_pods_per_node": 110,
                "name": "default-pool",
                "name_prefix": "",
                "network_config": [
                  {
                    "additional_node_network_configs": [],
                    "additional_pod_network_configs": [],
                    "create_pod_range": false,
                    "enable_private_nodes": false,
                    "network_performance_config": [],
                    "pod_cidr_overprovision_config": [],
                    "pod_ipv4_cidr_block": "10.56.0.0/14",
                    "pod_range": "gke-crypto-insights-cluster-pods-ee8b12a6"
                  }
                ],
                "node_config": [
                  {
                    "advanced_machine_features": [],
                    "boot_disk_kms_key": "",
                    "confidential_nodes": [],
                    "containerd_config": [],
                    "disk_size_gb": 100,
                    "disk_type": "pd-balanced",
                    "effective_taints": [],
                    "enable_confidential_storage": false,
                    "ephemeral_storage_local_ssd_config": [],
                    "fast_socket": [],
                    "gcfs_config": [],
                    "guest_accelerator": [],
                    "gvnic": [],
                    "host_maintenance_policy": [],
                    "image_type": "COS_CONTAINERD",
                    "kubelet_config": [],
                    "labels": {},
                    "linux_node_config": [],
                    "local_nvme_ssd_block_config": [],
                    "local_ssd_count": 0,
                    "logging_variant": "DEFAULT",
                    "machine_type": "e2-medium",
                    "metadata": {
                      "disable-legacy-endpoints": "true"
                    },
                    "min_cpu_platform": "",
                    "node_group": "",
                    "oauth_scopes": [
                      "https://www.googleapis.com/auth/devstorage.read_only",
                      "https://www.googleapis.com/auth/logging.write",
                      "https://www.googleapis.com/auth/monitoring",
                      "https://www.googleapis.com/auth/service.management.readonly",
                      "https://www.googleapis.com/auth/servicecontrol",
                      "https://www.googleapis.com/auth/trace.append"
                    ],
                    "preemptible": false,
                    "reservation_affinity": [],
                    "resource_labels": {},
                    "resource_manager_tags": {},
                    "secondary_boot_disks": [],
                    "service_account": "default",
                    "shielded_instance_config": [
                      {
                        "enable_integrity_monitoring": true,
                        "enable_secure_boot": false
                      }
                    ],
                    "sole_tenant_config": [],
                    "spot": false,
                    "storage_pools": [],
                    "tags": [],
                    "taint": [],
                    "workload_metadata_config": []
                  }
                ],
                "node_count": 1,
                "node_locations": [
                  "us-central1-b",
                  "us-central1-c",
                  "us-central1-f"
                ],
                "placement_policy": [],
                "queued_provisioning": [],
                "upgrade_settings": [
                  {
                    "blue_green_settings": [],
                    "max_surge": 1,
                    "max_unavailable": 0,
                    "strategy": "SURGE"
                  }
                ],
                "version": "1.30.5-gke.1443001"
              }
            ],
            "node_pool_auto_config": [],
            "node_pool_defaults": [
              {
                "node_config_defaults": [
                  {
                    "containerd_config": [],
                    "gcfs_config": [],
                    "insecure_kubelet_readonly_port_enabled": "FALSE",
                    "logging_variant": "DEFAULT"
                  }
                ]
              }
            ],
            "node_version": "1.30.5-gke.1443001",
            "notification_config": [
              {
                "pubsub": [
                  {
                    "enabled": false,
                    "filter": [],
                    "topic": ""
                  }
                ]
              }
            ],
            "operation": null,
            "private_cluster_config": [
              {
                "enable_private_endpoint": false,
                "enable_private_nodes": false,
                "master_global_access_config": [
                  {
                    "enabled": false
                  }
                ],
                "master_ipv4_cidr_block": "",
                "peering_name": "",
                "private_endpoint": "10.128.0.2",
                "private_endpoint_subnetwork": "",
                "public_endpoint": "34.42.24.118"
              }
            ],
            "private_ipv6_google_access": "",
            "project": "dev-guild-439910-e9",
            "release_channel": [
              {
                "channel": "REGULAR"
              }
            ],
            "remove_default_node_pool": null,
            "resource_labels": {},
            "resource_usage_export_config": [],
            "secret_manager_config": [
              {
                "enabled": false
              }
            ],
            "security_posture_config": [
              {
                "mode": "BASIC",
                "vulnerability_mode": "VULNERABILITY_MODE_UNSPECIFIED"
              }
            ],
            "self_link": "https://container.googleapis.com/v1/projects/dev-guild-439910-e9/locations/us-central1/clusters/crypto-insights-cluster",
            "service_external_ips_config": [
              {
                "enabled": false
              }
            ],
            "services_ipv4_cidr": "34.118.224.0/20",
            "subnetwork": "projects/dev-guild-439910-e9/regions/us-central1/subnetworks/default",
            "terraform_labels": {
              "goog-terraform-provisioned": "true"
            },
            "timeouts": null,
            "tpu_ipv4_cidr_block": "",
            "vertical_pod_autoscaling": [],
            "workload_identity_config": []
          },
          "sensitive_attributes": [
            [
              {
                "type": "get_attr",
                "value": "master_auth"
              },
              {
                "type": "index",
                "value": {
                  "value": 0,
                  "type": "number"
                }
              },
              {
                "type": "get_attr",
                "value": "client_key"
              }
            ]
          ],
          "private": "eyJlMmJmYjczMC1lY2FhLTExZTYtOGY4OC0zNDM2M2JjN2M0YzAiOnsiY3JlYXRlIjoyNDAwMDAwMDAwMDAwLCJkZWxldGUiOjI0MDAwMDAwMDAwMDAsInJlYWQiOjI0MDAwMDAwMDAwMDAsInVwZGF0ZSI6MzYwMDAwMDAwMDAwMH0sInNjaGVtYV92ZXJzaW9uIjoiMiJ9"
        }
      ]
    }
  ],
  "check_results": null
}
