{
  "version": 4,
  "terraform_version": "1.9.8",
  "serial": 32,
  "lineage": "7b97fa93-3e7c-c23e-75b9-cb5759568769",
  "outputs": {
    "kubernetes_cluster_ca_certificate": {
      "value": "LS0tLS1CRUdJTiBDRVJUSUZJQ0FURS0tLS0tCk1JSUVMVENDQXBXZ0F3SUJBZ0lSQUpVTXAvVjhleWRUaEdqcXNxRTRxRXd3RFFZSktvWklodmNOQVFFTEJRQXcKTHpFdE1Dc0dBMVVFQXhNa09HWTFNRGszTldFdE5tWmpZUzAwWmpBNUxXSXdNVFV0T0RRMFpqUm1Oak0wWW1abApNQ0FYRFRJME1URXlNakU1TXpneU0xb1lEekl3TlRReE1URTFNakF6T0RJeldqQXZNUzB3S3dZRFZRUURFeVE0ClpqVXdPVGMxWVMwMlptTmhMVFJtTURrdFlqQXhOUzA0TkRSbU5HWTJNelJpWm1Vd2dnR2lNQTBHQ1NxR1NJYjMKRFFFQkFRVUFBNElCandBd2dnR0tBb0lCZ1FES3BKUERRWDQydDZncjRBUVd0QTlXTzRTQkFGcldaMmxsZWVVaAoyVXdnTjlwQVExUlhDNTg3dkE2YU51Z2JFZHRQMFJ5UXY5MWJJTUFqdGVJV2V1Nkg4b3RaMzVPdm83a25PdzhTCm4vTUlCMVdJczRnbzlHZ1Y1RDFPWGZRQUlDRkdoRGdBZU9xSGpPZEJCamVQM0tkS2padFVmM2FPajNWL3FUMlYKTE5UNWVJSy9Hb0EzOEZwUjNzU3N2OUZNRkR2bmpnekZidE1aNDNORXZnTHlDYzROQlM4cjZ4Z1pMOXVUNUF3Vwp5aHdQT1Bqa3FUTHJucnRLakEyL0p3YkdieUYxSjZYZkFra0ZESTY4MTROamRpUlB1d25UZlhOZ0FDdVFsdGY1CjVPNjdSU0NDMWJTUUVrRElHUjN1N3RGUXpDL2svaEJjL29XVVBlZ0VGNDNYYnlmZldwU0V0dFFNNGdQL3FUMTIKU3BVZURNc1NSNVZGQ21mQ0pRVzd2emJpdlBWcFZVcUxZTDhvc0xGOEo3S0ljMjhBSHYrcS8wNGNrdS9TUGFNYgpDVDZ0NVdDaEdOeGdQaG80UjNkeW5LNnlJQ3QzSkozcVpVSTNRS1ptbktqUzFJYlF2VGxlUUlpMlowcWFGVWtDCjRFOHYyVjFjZEFsQk1oNTlEWXFnMGR4cEZSVUNBd0VBQWFOQ01FQXdEZ1lEVlIwUEFRSC9CQVFEQWdJRU1BOEcKQTFVZEV3RUIvd1FGTUFNQkFmOHdIUVlEVlIwT0JCWUVGUDEvVE4xK3VFaERHN1A1V254T2R6MUZwSVNKTUEwRwpDU3FHU0liM0RRRUJDd1VBQTRJQmdRQnNUaDg0Q08vdmxXWjZKcG9CRHJvcG5FS3huN0UyWkk5bEI5STBqZUUvCjlqN0czRVpDS0tuU3pKbXR2Z2VZRzdEUlBVWWVNai9hYlZaaURmY2JzZFFkT2dZNEdIdUlBZHdiV1hSOXdZK2IKKzZVMnIxUHp4V2JGUVE1N2FmZ1lOVXUzYWtkOVNnOW5YR20wMGxLdGMwVnk2M2Z1eSs3SUxPeXVDZkt3THlzNQpEemszR25DRThxL001Ti9EVVY4V082Njk4d2V6YUUyYllRWkhPUjdZSGRpTXB3NXFnQnpqaFowbWphWUFQL3l1Cm5HQ3JpbDNVSmtQaklRVithVnd3MEpwVnFzRk5KMHNMZUtJdURiVWg2MFZuaG9pNmpCaEZYV3lxamFUTjVKU2IKUmViL0lldWFHVi9UWm9oaDI4aEdQSEdsWXJETTE2N0xuR1pXS0E0dzNnai8vMWRzMXM0eW9UR0l4SDQ0M0tBMgp6bytVL09mY1RZdGROVmxZUmpHNkF5U0l2QlpObXpWdlFKRllDdWxEV2xUMWR6SStHSy93aW9lM09CTjRqK1cyCk4xelNtaFlyNnovZnZFZHlaY3ZnODJING1POEZnUDhjY2pqUU11TUd3Tk4vNjlkQWl2Yk04Q1FLd29mWFlvR2QKRnV4TmpLQkJkR3FyeHBZNWJ6STlXN0E9Ci0tLS0tRU5EIENFUlRJRklDQVRFLS0tLS0K",
      "type": "string"
    },
    "kubernetes_cluster_endpoint": {
      "value": "34.173.130.140",
      "type": "string"
    },
    "kubernetes_cluster_name": {
      "value": "crypto-insights-cluster",
      "type": "string"
    }
  },
  "resources": [
    {
      "mode": "managed",
      "type": "google_compute_network",
      "name": "vpc_network",
      "provider": "provider[\"registry.terraform.io/hashicorp/google\"]",
      "instances": [
        {
          "schema_version": 0,
          "attributes": {
            "auto_create_subnetworks": true,
            "delete_default_routes_on_create": false,
            "description": "",
            "enable_ula_internal_ipv6": false,
            "gateway_ipv4": "",
            "id": "projects/dev-guild-439910-e9/global/networks/terraform-network",
            "internal_ipv6_range": "",
            "mtu": 0,
            "name": "terraform-network",
            "network_firewall_policy_enforcement_order": "AFTER_CLASSIC_FIREWALL",
            "numeric_id": "1465055812126594385",
            "project": "dev-guild-439910-e9",
            "routing_mode": "REGIONAL",
            "self_link": "https://www.googleapis.com/compute/v1/projects/dev-guild-439910-e9/global/networks/terraform-network",
            "timeouts": null
          },
          "sensitive_attributes": [],
          "private": "eyJlMmJmYjczMC1lY2FhLTExZTYtOGY4OC0zNDM2M2JjN2M0YzAiOnsiY3JlYXRlIjoxMjAwMDAwMDAwMDAwLCJkZWxldGUiOjEyMDAwMDAwMDAwMDAsInVwZGF0ZSI6MTIwMDAwMDAwMDAwMH19"
        }
      ]
    },
    {
      "mode": "managed",
      "type": "google_container_cluster",
      "name": "primary",
      "provider": "provider[\"registry.terraform.io/hashicorp/google\"]",
      "instances": [
        {
          "schema_version": 2,
          "attributes": {
            "addons_config": [
              {
                "cloudrun_config": [],
                "config_connector_config": [],
                "dns_cache_config": [],
                "gce_persistent_disk_csi_driver_config": [
                  {
                    "enabled": true
                  }
                ],
                "gcp_filestore_csi_driver_config": [],
                "gcs_fuse_csi_driver_config": [],
                "gke_backup_agent_config": [],
                "horizontal_pod_autoscaling": [],
                "http_load_balancing": [],
                "network_policy_config": [
                  {
                    "disabled": true
                  }
                ],
                "ray_operator_config": [],
                "stateful_ha_config": []
              }
            ],
            "allow_net_admin": null,
            "authenticator_groups_config": [],
            "binary_authorization": [
              {
                "enabled": false,
                "evaluation_mode": ""
              }
            ],
            "cluster_autoscaling": [
              {
                "auto_provisioning_defaults": [],
                "auto_provisioning_locations": [],
                "autoscaling_profile": "BALANCED",
                "enabled": false,
                "resource_limits": []
              }
            ],
            "cluster_ipv4_cidr": "10.48.0.0/14",
            "confidential_nodes": [],
            "cost_management_config": [],
            "database_encryption": [
              {
                "key_name": "",
                "state": "DECRYPTED"
              }
            ],
            "datapath_provider": "",
            "default_max_pods_per_node": 110,
            "default_snat_status": [
              {
                "disabled": false
              }
            ],
            "deletion_protection": false,
            "description": "",
            "dns_config": [],
            "effective_labels": {
              "goog-terraform-provisioned": "true"
            },
            "enable_autopilot": false,
            "enable_cilium_clusterwide_network_policy": false,
            "enable_intranode_visibility": false,
            "enable_k8s_beta_apis": [],
            "enable_kubernetes_alpha": false,
            "enable_l4_ilb_subsetting": false,
            "enable_legacy_abac": false,
            "enable_multi_networking": false,
            "enable_shielded_nodes": true,
            "enable_tpu": false,
            "endpoint": "34.173.130.140",
            "fleet": [],
            "gateway_api_config": [],
            "id": "projects/dev-guild-439910-e9/locations/us-central1/clusters/crypto-insights-cluster",
            "identity_service_config": [],
            "initial_node_count": 1,
            "ip_allocation_policy": [
              {
                "additional_pod_ranges_config": [],
                "cluster_ipv4_cidr_block": "10.48.0.0/14",
                "cluster_secondary_range_name": "gke-crypto-insights-cluster-pods-48395ba0",
                "pod_cidr_overprovision_config": [
                  {
                    "disabled": false
                  }
                ],
                "services_ipv4_cidr_block": "34.118.224.0/20",
                "services_secondary_range_name": "",
                "stack_type": "IPV4"
              }
            ],
            "label_fingerprint": "78cdf2f6",
            "location": "us-central1",
            "logging_config": [
              {
                "enable_components": [
                  "SYSTEM_COMPONENTS",
                  "WORKLOADS"
                ]
              }
            ],
            "logging_service": "logging.googleapis.com/kubernetes",
            "maintenance_policy": [],
            "master_auth": [
              {
                "client_certificate": "",
                "client_certificate_config": [
                  {
                    "issue_client_certificate": false
                  }
                ],
                "client_key": "",
                "cluster_ca_certificate": "LS0tLS1CRUdJTiBDRVJUSUZJQ0FURS0tLS0tCk1JSUVMVENDQXBXZ0F3SUJBZ0lSQUpVTXAvVjhleWRUaEdqcXNxRTRxRXd3RFFZSktvWklodmNOQVFFTEJRQXcKTHpFdE1Dc0dBMVVFQXhNa09HWTFNRGszTldFdE5tWmpZUzAwWmpBNUxXSXdNVFV0T0RRMFpqUm1Oak0wWW1abApNQ0FYRFRJME1URXlNakU1TXpneU0xb1lEekl3TlRReE1URTFNakF6T0RJeldqQXZNUzB3S3dZRFZRUURFeVE0ClpqVXdPVGMxWVMwMlptTmhMVFJtTURrdFlqQXhOUzA0TkRSbU5HWTJNelJpWm1Vd2dnR2lNQTBHQ1NxR1NJYjMKRFFFQkFRVUFBNElCandBd2dnR0tBb0lCZ1FES3BKUERRWDQydDZncjRBUVd0QTlXTzRTQkFGcldaMmxsZWVVaAoyVXdnTjlwQVExUlhDNTg3dkE2YU51Z2JFZHRQMFJ5UXY5MWJJTUFqdGVJV2V1Nkg4b3RaMzVPdm83a25PdzhTCm4vTUlCMVdJczRnbzlHZ1Y1RDFPWGZRQUlDRkdoRGdBZU9xSGpPZEJCamVQM0tkS2padFVmM2FPajNWL3FUMlYKTE5UNWVJSy9Hb0EzOEZwUjNzU3N2OUZNRkR2bmpnekZidE1aNDNORXZnTHlDYzROQlM4cjZ4Z1pMOXVUNUF3Vwp5aHdQT1Bqa3FUTHJucnRLakEyL0p3YkdieUYxSjZYZkFra0ZESTY4MTROamRpUlB1d25UZlhOZ0FDdVFsdGY1CjVPNjdSU0NDMWJTUUVrRElHUjN1N3RGUXpDL2svaEJjL29XVVBlZ0VGNDNYYnlmZldwU0V0dFFNNGdQL3FUMTIKU3BVZURNc1NSNVZGQ21mQ0pRVzd2emJpdlBWcFZVcUxZTDhvc0xGOEo3S0ljMjhBSHYrcS8wNGNrdS9TUGFNYgpDVDZ0NVdDaEdOeGdQaG80UjNkeW5LNnlJQ3QzSkozcVpVSTNRS1ptbktqUzFJYlF2VGxlUUlpMlowcWFGVWtDCjRFOHYyVjFjZEFsQk1oNTlEWXFnMGR4cEZSVUNBd0VBQWFOQ01FQXdEZ1lEVlIwUEFRSC9CQVFEQWdJRU1BOEcKQTFVZEV3RUIvd1FGTUFNQkFmOHdIUVlEVlIwT0JCWUVGUDEvVE4xK3VFaERHN1A1V254T2R6MUZwSVNKTUEwRwpDU3FHU0liM0RRRUJDd1VBQTRJQmdRQnNUaDg0Q08vdmxXWjZKcG9CRHJvcG5FS3huN0UyWkk5bEI5STBqZUUvCjlqN0czRVpDS0tuU3pKbXR2Z2VZRzdEUlBVWWVNai9hYlZaaURmY2JzZFFkT2dZNEdIdUlBZHdiV1hSOXdZK2IKKzZVMnIxUHp4V2JGUVE1N2FmZ1lOVXUzYWtkOVNnOW5YR20wMGxLdGMwVnk2M2Z1eSs3SUxPeXVDZkt3THlzNQpEemszR25DRThxL001Ti9EVVY4V082Njk4d2V6YUUyYllRWkhPUjdZSGRpTXB3NXFnQnpqaFowbWphWUFQL3l1Cm5HQ3JpbDNVSmtQaklRVithVnd3MEpwVnFzRk5KMHNMZUtJdURiVWg2MFZuaG9pNmpCaEZYV3lxamFUTjVKU2IKUmViL0lldWFHVi9UWm9oaDI4aEdQSEdsWXJETTE2N0xuR1pXS0E0dzNnai8vMWRzMXM0eW9UR0l4SDQ0M0tBMgp6bytVL09mY1RZdGROVmxZUmpHNkF5U0l2QlpObXpWdlFKRllDdWxEV2xUMWR6SStHSy93aW9lM09CTjRqK1cyCk4xelNtaFlyNnovZnZFZHlaY3ZnODJING1POEZnUDhjY2pqUU11TUd3Tk4vNjlkQWl2Yk04Q1FLd29mWFlvR2QKRnV4TmpLQkJkR3FyeHBZNWJ6STlXN0E9Ci0tLS0tRU5EIENFUlRJRklDQVRFLS0tLS0K"
              }
            ],
            "master_authorized_networks_config": [],
            "master_version": "1.30.5-gke.1443001",
            "mesh_certificates": [],
            "min_master_version": null,
            "monitoring_config": [
              {
                "advanced_datapath_observability_config": [
                  {
                    "enable_metrics": false,
                    "enable_relay": false
                  }
                ],
                "enable_components": [
                  "SYSTEM_COMPONENTS",
                  "HPA",
                  "POD",
                  "DAEMONSET",
                  "DEPLOYMENT",
                  "STATEFULSET",
                  "STORAGE",
                  "CADVISOR",
                  "KUBELET"
                ],
                "managed_prometheus": [
                  {
                    "enabled": true
                  }
                ]
              }
            ],
            "monitoring_service": "monitoring.googleapis.com/kubernetes",
            "name": "crypto-insights-cluster",
            "network": "projects/dev-guild-439910-e9/global/networks/default",
            "network_policy": [
              {
                "enabled": false,
                "provider": "PROVIDER_UNSPECIFIED"
              }
            ],
            "networking_mode": "VPC_NATIVE",
            "node_config": [
              {
                "advanced_machine_features": [],
                "boot_disk_kms_key": "",
                "confidential_nodes": [],
                "containerd_config": [],
                "disk_size_gb": 100,
                "disk_type": "pd-balanced",
                "effective_taints": [],
                "enable_confidential_storage": false,
                "ephemeral_storage_local_ssd_config": [],
                "fast_socket": [],
                "gcfs_config": [],
                "guest_accelerator": [],
                "gvnic": [],
                "host_maintenance_policy": [],
                "image_type": "COS_CONTAINERD",
                "kubelet_config": [],
                "labels": {},
                "linux_node_config": [],
                "local_nvme_ssd_block_config": [],
                "local_ssd_count": 0,
                "logging_variant": "DEFAULT",
                "machine_type": "e2-medium",
                "metadata": {
                  "disable-legacy-endpoints": "true"
                },
                "min_cpu_platform": "",
                "node_group": "",
                "oauth_scopes": [
                  "https://www.googleapis.com/auth/devstorage.read_only",
                  "https://www.googleapis.com/auth/logging.write",
                  "https://www.googleapis.com/auth/monitoring",
                  "https://www.googleapis.com/auth/service.management.readonly",
                  "https://www.googleapis.com/auth/servicecontrol",
                  "https://www.googleapis.com/auth/trace.append"
                ],
                "preemptible": false,
                "reservation_affinity": [],
                "resource_labels": {},
                "resource_manager_tags": {},
                "secondary_boot_disks": [],
                "service_account": "default",
                "shielded_instance_config": [
                  {
                    "enable_integrity_monitoring": true,
                    "enable_secure_boot": false
                  }
                ],
                "sole_tenant_config": [],
                "spot": false,
                "storage_pools": [],
                "tags": [],
                "taint": [],
                "workload_metadata_config": [
                  {
                    "mode": "GKE_METADATA"
                  }
                ]
              }
            ],
            "node_locations": [
              "us-central1-a",
              "us-central1-c",
              "us-central1-f"
            ],
            "node_pool": [
              {
                "autoscaling": [],
                "initial_node_count": 1,
                "instance_group_urls": [
                  "https://www.googleapis.com/compute/v1/projects/dev-guild-439910-e9/zones/us-central1-a/instanceGroupManagers/gke-crypto-insights-clus-default-pool-ca933142-grp",
                  "https://www.googleapis.com/compute/v1/projects/dev-guild-439910-e9/zones/us-central1-f/instanceGroupManagers/gke-crypto-insights-clus-default-pool-71fa8e1c-grp",
                  "https://www.googleapis.com/compute/v1/projects/dev-guild-439910-e9/zones/us-central1-c/instanceGroupManagers/gke-crypto-insights-clus-default-pool-611a6985-grp"
                ],
                "managed_instance_group_urls": [
                  "https://www.googleapis.com/compute/v1/projects/dev-guild-439910-e9/zones/us-central1-a/instanceGroups/gke-crypto-insights-clus-default-pool-ca933142-grp",
                  "https://www.googleapis.com/compute/v1/projects/dev-guild-439910-e9/zones/us-central1-f/instanceGroups/gke-crypto-insights-clus-default-pool-71fa8e1c-grp",
                  "https://www.googleapis.com/compute/v1/projects/dev-guild-439910-e9/zones/us-central1-c/instanceGroups/gke-crypto-insights-clus-default-pool-611a6985-grp"
                ],
                "management": [
                  {
                    "auto_repair": true,
                    "auto_upgrade": true
                  }
                ],
                "max_pods_per_node": 110,
                "name": "default-pool",
                "name_prefix": "",
                "network_config": [
                  {
                    "additional_node_network_configs": [],
                    "additional_pod_network_configs": [],
                    "create_pod_range": false,
                    "enable_private_nodes": false,
                    "network_performance_config": [],
                    "pod_cidr_overprovision_config": [],
                    "pod_ipv4_cidr_block": "10.48.0.0/14",
                    "pod_range": "gke-crypto-insights-cluster-pods-48395ba0"
                  }
                ],
                "node_config": [
                  {
                    "advanced_machine_features": [],
                    "boot_disk_kms_key": "",
                    "confidential_nodes": [],
                    "containerd_config": [],
                    "disk_size_gb": 100,
                    "disk_type": "pd-balanced",
                    "effective_taints": [],
                    "enable_confidential_storage": false,
                    "ephemeral_storage_local_ssd_config": [],
                    "fast_socket": [],
                    "gcfs_config": [],
                    "guest_accelerator": [],
                    "gvnic": [],
                    "host_maintenance_policy": [],
                    "image_type": "COS_CONTAINERD",
                    "kubelet_config": [],
                    "labels": {},
                    "linux_node_config": [],
                    "local_nvme_ssd_block_config": [],
                    "local_ssd_count": 0,
                    "logging_variant": "DEFAULT",
                    "machine_type": "e2-medium",
                    "metadata": {
                      "disable-legacy-endpoints": "true"
                    },
                    "min_cpu_platform": "",
                    "node_group": "",
                    "oauth_scopes": [
                      "https://www.googleapis.com/auth/devstorage.read_only",
                      "https://www.googleapis.com/auth/logging.write",
                      "https://www.googleapis.com/auth/monitoring",
                      "https://www.googleapis.com/auth/service.management.readonly",
                      "https://www.googleapis.com/auth/servicecontrol",
                      "https://www.googleapis.com/auth/trace.append"
                    ],
                    "preemptible": false,
                    "reservation_affinity": [],
                    "resource_labels": {},
                    "resource_manager_tags": {},
                    "secondary_boot_disks": [],
                    "service_account": "default",
                    "shielded_instance_config": [
                      {
                        "enable_integrity_monitoring": true,
                        "enable_secure_boot": false
                      }
                    ],
                    "sole_tenant_config": [],
                    "spot": false,
                    "storage_pools": [],
                    "tags": [],
                    "taint": [],
                    "workload_metadata_config": [
                      {
                        "mode": "GKE_METADATA"
                      }
                    ]
                  }
                ],
                "node_count": 1,
                "node_locations": [
                  "us-central1-a",
                  "us-central1-c",
                  "us-central1-f"
                ],
                "placement_policy": [],
                "queued_provisioning": [],
                "upgrade_settings": [
                  {
                    "blue_green_settings": [],
                    "max_surge": 1,
                    "max_unavailable": 0,
                    "strategy": "SURGE"
                  }
                ],
                "version": "1.30.5-gke.1443001"
              }
            ],
            "node_pool_auto_config": [],
            "node_pool_defaults": [
              {
                "node_config_defaults": [
                  {
                    "containerd_config": [],
                    "gcfs_config": [],
                    "insecure_kubelet_readonly_port_enabled": "FALSE",
                    "logging_variant": "DEFAULT"
                  }
                ]
              }
            ],
            "node_version": "1.30.5-gke.1443001",
            "notification_config": [
              {
                "pubsub": [
                  {
                    "enabled": false,
                    "filter": [],
                    "topic": ""
                  }
                ]
              }
            ],
            "operation": null,
            "private_cluster_config": [
              {
                "enable_private_endpoint": false,
                "enable_private_nodes": false,
                "master_global_access_config": [
                  {
                    "enabled": false
                  }
                ],
                "master_ipv4_cidr_block": "",
                "peering_name": "",
                "private_endpoint": "10.128.0.10",
                "private_endpoint_subnetwork": "",
                "public_endpoint": "34.173.130.140"
              }
            ],
            "private_ipv6_google_access": "",
            "project": "dev-guild-439910-e9",
            "release_channel": [
              {
                "channel": "REGULAR"
              }
            ],
            "remove_default_node_pool": null,
            "resource_labels": {},
            "resource_usage_export_config": [],
            "secret_manager_config": [
              {
                "enabled": false
              }
            ],
            "security_posture_config": [
              {
                "mode": "BASIC",
                "vulnerability_mode": "VULNERABILITY_MODE_UNSPECIFIED"
              }
            ],
            "self_link": "https://container.googleapis.com/v1/projects/dev-guild-439910-e9/locations/us-central1/clusters/crypto-insights-cluster",
            "service_external_ips_config": [
              {
                "enabled": false
              }
            ],
            "services_ipv4_cidr": "34.118.224.0/20",
            "subnetwork": "projects/dev-guild-439910-e9/regions/us-central1/subnetworks/default",
            "terraform_labels": {
              "goog-terraform-provisioned": "true"
            },
            "timeouts": null,
            "tpu_ipv4_cidr_block": "",
            "vertical_pod_autoscaling": [],
            "workload_identity_config": [
              {
                "workload_pool": "dev-guild-439910-e9.svc.id.goog"
              }
            ]
          },
          "sensitive_attributes": [
            [
              {
                "type": "get_attr",
                "value": "master_auth"
              },
              {
                "type": "index",
                "value": {
                  "value": 0,
                  "type": "number"
                }
              },
              {
                "type": "get_attr",
                "value": "client_key"
              }
            ]
          ],
          "private": "eyJlMmJmYjczMC1lY2FhLTExZTYtOGY4OC0zNDM2M2JjN2M0YzAiOnsiY3JlYXRlIjoyNDAwMDAwMDAwMDAwLCJkZWxldGUiOjI0MDAwMDAwMDAwMDAsInJlYWQiOjI0MDAwMDAwMDAwMDAsInVwZGF0ZSI6MzYwMDAwMDAwMDAwMH0sInNjaGVtYV92ZXJzaW9uIjoiMiJ9"
        }
      ]
    }
  ],
  "check_results": null
}
